
Microsoft Visual Studio Solution File, Format Version 12.00
# Visual Studio Version 17
VisualStudioVersion = 17.14.36414.22 d17.14
MinimumVisualStudioVersion = 10.0.40219.1
Project("{FAE04EC0-301F-11D3-BF4B-00C04F79EFBC}") = "Topic 12&13 GUI Assignment 1", "Topic 12&13 GUI Assignment 1.csproj", "{BC6A68F0-9151-4F22-82B2-19519AD87E0B}"
EndProject
Global
	GlobalSection(SolutionConfigurationPlatforms) = preSolution
		Debug|Any CPU = Debug|Any CPU
		Release|Any CPU = Release|Any CPU
	EndGlobalSection
	GlobalSection(ProjectConfigurationPlatforms) = postSolution
		{BC6A68F0-9151-4F22-82B2-19519AD87E0B}.Debug|Any CPU.ActiveCfg = Debug|Any CPU
		{BC6A68F0-9151-4F22-82B2-19519AD87E0B}.Debug|Any CPU.Build.0 = Debug|Any CPU
		{BC6A68F0-9151-4F22-82B2-19519AD87E0B}.Release|Any CPU.ActiveCfg = Release|Any CPU
		{BC6A68F0-9151-4F22-82B2-19519AD87E0B}.Release|Any CPU.Build.0 = Release|Any CPU
	EndGlobalSection
	GlobalSection(SolutionProperties) = preSolution
		HideSolutionNode = FALSE
	EndGlobalSection
	GlobalSection(ExtensibilityGlobals) = postSolution
		SolutionGuid = {FC2AC739-E042-4C7B-BF2D-012C850AC97B}
	EndGlobalSection
EndGlobal
